// !$*UTF8*$!
{
	archiveVersion = 1;
	classes = {
	};
	objectVersion = 56;
	objects = {

/* Begin PBXBuildFile section */
		B00000000000000000000001 /* AppKit.framework in Frameworks */ = {isa = PBXBuildFile; fileRef = F00000000000000000000001 /* AppKit.framework */; };
		B00000000000000000000002 /* SwiftUI.framework in Frameworks */ = {isa = PBXBuildFile; fileRef = F00000000000000000000002 /* SwiftUI.framework */; };
		B00000000000000000000003 /* AVFoundation.framework in Frameworks */ = {isa = PBXBuildFile; fileRef = F00000000000000000000003 /* AVFoundation.framework */; };
		B00000000000000000000004 /* CoreAudio.framework in Frameworks */ = {isa = PBXBuildFile; fileRef = F00000000000000000000004 /* CoreAudio.framework */; };
		B00000000000000000000005 /* AudioToolbox.framework in Frameworks */ = {isa = PBXBuildFile; fileRef = F00000000000000000000005 /* AudioToolbox.framework */; };
		B00000000000000000000006 /* CoreMedia.framework in Frameworks */ = {isa = PBXBuildFile; fileRef = F00000000000000000000006 /* CoreMedia.framework */; };
		B00000000000000000000007 /* ScreenCaptureKit.framework in Frameworks */ = {isa = PBXBuildFile; fileRef = F00000000000000000000007 /* ScreenCaptureKit.framework */; };
		B00000000000000000000008 /* Carbon.framework in Frameworks */ = {isa = PBXBuildFile; fileRef = F00000000000000000000008 /* Carbon.framework */; };
		B00000000000000000000009 /* Security.framework in Frameworks */ = {isa = PBXBuildFile; fileRef = F00000000000000000000009 /* Security.framework */; };
		B00000000000000000000010 /* AppIcon.icns in Resources */ = {isa = PBXBuildFile; fileRef = F00000000000000000000010 /* AppIcon.icns */; };
		B00000000000000000000020 /* AnLuongMeetingApp.swift in Sources */ = {isa = PBXBuildFile; fileRef = F00000000000000000000020 /* AnLuongMeetingApp.swift */; };
		B00000000000000000000021 /* AnLuongVisualStyle.swift in Sources */ = {isa = PBXBuildFile; fileRef = F00000000000000000000021 /* AnLuongVisualStyle.swift */; };
		B00000000000000000000022 /* AudioLevel.swift in Sources */ = {isa = PBXBuildFile; fileRef = F00000000000000000000022 /* AudioLevel.swift */; };
		B00000000000000000000023 /* GeminiAPIKeyStore.swift in Sources */ = {isa = PBXBuildFile; fileRef = F00000000000000000000023 /* GeminiAPIKeyStore.swift */; };
		B00000000000000000000024 /* GeminiTranscriptionService.swift in Sources */ = {isa = PBXBuildFile; fileRef = F00000000000000000000024 /* GeminiTranscriptionService.swift */; };
		B00000000000000000000025 /* HotKeyManager.swift in Sources */ = {isa = PBXBuildFile; fileRef = F00000000000000000000025 /* HotKeyManager.swift */; };
		B00000000000000000000026 /* LibraryView.swift in Sources */ = {isa = PBXBuildFile; fileRef = F00000000000000000000026 /* LibraryView.swift */; };
		B00000000000000000000027 /* Log.swift in Sources */ = {isa = PBXBuildFile; fileRef = F00000000000000000000027 /* Log.swift */; };
		B00000000000000000000028 /* MeetingDetailView.swift in Sources */ = {isa = PBXBuildFile; fileRef = F00000000000000000000028 /* MeetingDetailView.swift */; };
		B00000000000000000000029 /* MeetingLibraryModel.swift in Sources */ = {isa = PBXBuildFile; fileRef = F00000000000000000000029 /* MeetingLibraryModel.swift */; };
		B0000000000000000000002A /* MenuBarView.swift in Sources */ = {isa = PBXBuildFile; fileRef = F0000000000000000000002A /* MenuBarView.swift */; };
		B0000000000000000000002B /* MicrophoneCapture.swift in Sources */ = {isa = PBXBuildFile; fileRef = F0000000000000000000002B /* MicrophoneCapture.swift */; };
		B0000000000000000000002C /* RecordingEngine.swift in Sources */ = {isa = PBXBuildFile; fileRef = F0000000000000000000002C /* RecordingEngine.swift */; };
		B0000000000000000000002D /* RecordingLibrary.swift in Sources */ = {isa = PBXBuildFile; fileRef = F0000000000000000000002D /* RecordingLibrary.swift */; };
		B0000000000000000000002E /* ScreenRecordingPermission.swift in Sources */ = {isa = PBXBuildFile; fileRef = F0000000000000000000002E /* ScreenRecordingPermission.swift */; };
		B0000000000000000000002F /* StereoWriter.swift in Sources */ = {isa = PBXBuildFile; fileRef = F0000000000000000000002F /* StereoWriter.swift */; };
		B00000000000000000000030 /* SystemAudioCapture.swift in Sources */ = {isa = PBXBuildFile; fileRef = F00000000000000000000030 /* SystemAudioCapture.swift */; };
		B00000000000000000000031 /* VoiceProcessingMicCapture.swift in Sources */ = {isa = PBXBuildFile; fileRef = F00000000000000000000031 /* VoiceProcessingMicCapture.swift */; };
		B00000000000000000000032 /* MemoryStore.swift in Sources */ = {isa = PBXBuildFile; fileRef = F00000000000000000000032 /* MemoryStore.swift */; };
		B00000000000000000000033 /* GlossaryView.swift in Sources */ = {isa = PBXBuildFile; fileRef = F00000000000000000000033 /* GlossaryView.swift */; };
		B00000000000000000000034 /* NoteCorrectionStore.swift in Sources */ = {isa = PBXBuildFile; fileRef = F00000000000000000000034 /* NoteCorrectionStore.swift */; };
/* End PBXBuildFile section */

/* Begin PBXFileReference section */
		F00000000000000000000001 /* AppKit.framework */ = {isa = PBXFileReference; lastKnownFileType = wrapper.framework; name = AppKit.framework; path = System/Library/Frameworks/AppKit.framework; sourceTree = SDKROOT; };
		F00000000000000000000002 /* SwiftUI.framework */ = {isa = PBXFileReference; lastKnownFileType = wrapper.framework; name = SwiftUI.framework; path = System/Library/Frameworks/SwiftUI.framework; sourceTree = SDKROOT; };
		F00000000000000000000003 /* AVFoundation.framework */ = {isa = PBXFileReference; lastKnownFileType = wrapper.framework; name = AVFoundation.framework; path = System/Library/Frameworks/AVFoundation.framework; sourceTree = SDKROOT; };
		F00000000000000000000004 /* CoreAudio.framework */ = {isa = PBXFileReference; lastKnownFileType = wrapper.framework; name = CoreAudio.framework; path = System/Library/Frameworks/CoreAudio.framework; sourceTree = SDKROOT; };
		F00000000000000000000005 /* AudioToolbox.framework */ = {isa = PBXFileReference; lastKnownFileType = wrapper.framework; name = AudioToolbox.framework; path = System/Library/Frameworks/AudioToolbox.framework; sourceTree = SDKROOT; };
		F00000000000000000000006 /* CoreMedia.framework */ = {isa = PBXFileReference; lastKnownFileType = wrapper.framework; name = CoreMedia.framework; path = System/Library/Frameworks/CoreMedia.framework; sourceTree = SDKROOT; };
		F00000000000000000000007 /* ScreenCaptureKit.framework */ = {isa = PBXFileReference; lastKnownFileType = wrapper.framework; name = ScreenCaptureKit.framework; path = System/Library/Frameworks/ScreenCaptureKit.framework; sourceTree = SDKROOT; };
		F00000000000000000000008 /* Carbon.framework */ = {isa = PBXFileReference; lastKnownFileType = wrapper.framework; name = Carbon.framework; path = System/Library/Frameworks/Carbon.framework; sourceTree = SDKROOT; };
		F00000000000000000000009 /* Security.framework */ = {isa = PBXFileReference; lastKnownFileType = wrapper.framework; name = Security.framework; path = System/Library/Frameworks/Security.framework; sourceTree = SDKROOT; };
		F00000000000000000000010 /* AppIcon.icns */ = {isa = PBXFileReference; lastKnownFileType = image.icns; path = AppIcon.icns; sourceTree = "<group>"; };
		F00000000000000000000011 /* AnLuongMeeting.app */ = {isa = PBXFileReference; explicitFileType = wrapper.application; includeInIndex = 0; path = AnLuongMeeting.app; sourceTree = BUILT_PRODUCTS_DIR; };
		F00000000000000000000020 /* AnLuongMeetingApp.swift */ = {isa = PBXFileReference; lastKnownFileType = sourcecode.swift; path = AnLuongMeetingApp.swift; sourceTree = "<group>"; };
		F00000000000000000000021 /* AnLuongVisualStyle.swift */ = {isa = PBXFileReference; lastKnownFileType = sourcecode.swift; path = AnLuongVisualStyle.swift; sourceTree = "<group>"; };
		F00000000000000000000022 /* AudioLevel.swift */ = {isa = PBXFileReference; lastKnownFileType = sourcecode.swift; path = AudioLevel.swift; sourceTree = "<group>"; };
		F00000000000000000000023 /* GeminiAPIKeyStore.swift */ = {isa = PBXFileReference; lastKnownFileType = sourcecode.swift; path = GeminiAPIKeyStore.swift; sourceTree = "<group>"; };
		F00000000000000000000024 /* GeminiTranscriptionService.swift */ = {isa = PBXFileReference; lastKnownFileType = sourcecode.swift; path = GeminiTranscriptionService.swift; sourceTree = "<group>"; };
		F00000000000000000000025 /* HotKeyManager.swift */ = {isa = PBXFileReference; lastKnownFileType = sourcecode.swift; path = HotKeyManager.swift; sourceTree = "<group>"; };
		F00000000000000000000026 /* LibraryView.swift */ = {isa = PBXFileReference; lastKnownFileType = sourcecode.swift; path = LibraryView.swift; sourceTree = "<group>"; };
		F00000000000000000000027 /* Log.swift */ = {isa = PBXFileReference; lastKnownFileType = sourcecode.swift; path = Log.swift; sourceTree = "<group>"; };
		F00000000000000000000028 /* MeetingDetailView.swift */ = {isa = PBXFileReference; lastKnownFileType = sourcecode.swift; path = MeetingDetailView.swift; sourceTree = "<group>"; };
		F00000000000000000000029 /* MeetingLibraryModel.swift */ = {isa = PBXFileReference; lastKnownFileType = sourcecode.swift; path = MeetingLibraryModel.swift; sourceTree = "<group>"; };
		F0000000000000000000002A /* MenuBarView.swift */ = {isa = PBXFileReference; lastKnownFileType = sourcecode.swift; path = MenuBarView.swift; sourceTree = "<group>"; };
		F0000000000000000000002B /* MicrophoneCapture.swift */ = {isa = PBXFileReference; lastKnownFileType = sourcecode.swift; path = MicrophoneCapture.swift; sourceTree = "<group>"; };
		F0000000000000000000002C /* RecordingEngine.swift */ = {isa = PBXFileReference; lastKnownFileType = sourcecode.swift; path = RecordingEngine.swift; sourceTree = "<group>"; };
		F0000000000000000000002D /* RecordingLibrary.swift */ = {isa = PBXFileReference; lastKnownFileType = sourcecode.swift; path = RecordingLibrary.swift; sourceTree = "<group>"; };
		F0000000000000000000002E /* ScreenRecordingPermission.swift */ = {isa = PBXFileReference; lastKnownFileType = sourcecode.swift; path = ScreenRecordingPermission.swift; sourceTree = "<group>"; };
		F0000000000000000000002F /* StereoWriter.swift */ = {isa = PBXFileReference; lastKnownFileType = sourcecode.swift; path = StereoWriter.swift; sourceTree = "<group>"; };
		F00000000000000000000030 /* SystemAudioCapture.swift */ = {isa = PBXFileReference; lastKnownFileType = sourcecode.swift; path = SystemAudioCapture.swift; sourceTree = "<group>"; };
		F00000000000000000000031 /* VoiceProcessingMicCapture.swift */ = {isa = PBXFileReference; lastKnownFileType = sourcecode.swift; path = VoiceProcessingMicCapture.swift; sourceTree = "<group>"; };
		F00000000000000000000032 /* MemoryStore.swift */ = {isa = PBXFileReference; lastKnownFileType = sourcecode.swift; path = MemoryStore.swift; sourceTree = "<group>"; };
		F00000000000000000000033 /* GlossaryView.swift */ = {isa = PBXFileReference; lastKnownFileType = sourcecode.swift; path = GlossaryView.swift; sourceTree = "<group>"; };
		F00000000000000000000034 /* NoteCorrectionStore.swift */ = {isa = PBXFileReference; lastKnownFileType = sourcecode.swift; path = NoteCorrectionStore.swift; sourceTree = "<group>"; };
/* End PBXFileReference section */

/* Begin PBXFrameworksBuildPhase section */
		P00000000000000000000001 /* Frameworks */ = {isa = PBXFrameworksBuildPhase; buildActionMask = 2147483647; files = (B00000000000000000000001, B00000000000000000000002, B00000000000000000000003, B00000000000000000000004, B00000000000000000000005, B00000000000000000000006, B00000000000000000000007, B00000000000000000000008, B00000000000000000000009,); runOnlyForDeploymentPostprocessing = 0; };
/* End PBXFrameworksBuildPhase section */

/* Begin PBXGroup section */
		G00000000000000000000001 = {isa = PBXGroup; children = (G00000000000000000000002, G00000000000000000000003, G00000000000000000000004, G00000000000000000000005,); sourceTree = "<group>"; };
		G00000000000000000000002 /* Sources */ = {isa = PBXGroup; children = (F00000000000000000000020, F00000000000000000000021, F00000000000000000000022, F00000000000000000000023, F00000000000000000000024, F00000000000000000000025, F00000000000000000000026, F00000000000000000000027, F00000000000000000000028, F00000000000000000000029, F0000000000000000000002A, F0000000000000000000002B, F0000000000000000000002C, F0000000000000000000002D, F0000000000000000000002E, F0000000000000000000002F, F00000000000000000000030, F00000000000000000000031, F00000000000000000000032, F00000000000000000000033, F00000000000000000000034,); path = ../Sources/AnLuongMeeting; sourceTree = "<group>"; };
		G00000000000000000000003 /* Resources */ = {isa = PBXGroup; children = (F00000000000000000000010,); path = ../Resources; sourceTree = "<group>"; };
		G00000000000000000000004 /* Products */ = {isa = PBXGroup; children = (F00000000000000000000011,); name = Products; sourceTree = "<group>"; };
		G00000000000000000000005 /* Frameworks */ = {isa = PBXGroup; children = (F00000000000000000000001, F00000000000000000000002, F00000000000000000000003, F00000000000000000000004, F00000000000000000000005, F00000000000000000000006, F00000000000000000000007, F00000000000000000000008, F00000000000000000000009,); name = Frameworks; sourceTree = "<group>"; };
/* End PBXGroup section */

/* Begin PBXNativeTarget section */
		T00000000000000000000001 /* AnLuongMeeting */ = {isa = PBXNativeTarget; buildConfigurationList = L00000000000000000000001; buildPhases = (S00000000000000000000001, P00000000000000000000001, R00000000000000000000001,); buildRules = (); dependencies = (); name = AnLuongMeeting; productName = AnLuongMeeting; productReference = F00000000000000000000011; productType = "com.apple.product-type.application"; };
/* End PBXNativeTarget section */

/* Begin PBXProject section */
		PR00000000000000000000001 /* Project object */ = {isa = PBXProject; attributes = { LastUpgradeCheck = 1600; ORGANIZATIONNAME = AnLuongMeeting; TargetAttributes = { T00000000000000000000001 = { CreatedOnToolsVersion = 16.0; }; }; }; buildConfigurationList = L00000000000000000000010; compatibilityVersion = "Xcode 15.0"; developmentRegion = en; hasScannedForEncodings = 0; knownRegions = (en, Base); mainGroup = G00000000000000000000001; productRefGroup = G00000000000000000000004; projectDirPath = ""; projectRoot = ""; targets = (T00000000000000000000001,); };
/* End PBXProject section */

/* Begin PBXResourcesBuildPhase section */
		R00000000000000000000001 /* Resources */ = {isa = PBXResourcesBuildPhase; buildActionMask = 2147483647; files = (B00000000000000000000010,); runOnlyForDeploymentPostprocessing = 0; };
/* End PBXResourcesBuildPhase section */

/* Begin PBXSourcesBuildPhase section */
		S00000000000000000000001 /* Sources */ = {isa = PBXSourcesBuildPhase; buildActionMask = 2147483647; files = (B00000000000000000000020, B00000000000000000000021, B00000000000000000000022, B00000000000000000000023, B00000000000000000000024, B00000000000000000000025, B00000000000000000000026, B00000000000000000000027, B00000000000000000000028, B00000000000000000000029, B0000000000000000000002A, B0000000000000000000002B, B0000000000000000000002C, B0000000000000000000002D, B0000000000000000000002E, B0000000000000000000002F, B00000000000000000000030, B00000000000000000000031, B00000000000000000000032, B00000000000000000000033, B00000000000000000000034,); runOnlyForDeploymentPostprocessing = 0; };
/* End PBXSourcesBuildPhase section */

/* Begin XCBuildConfiguration section */
		C00000000000000000000001 /* AnLuongMeeting Debug */ = {isa = XCBuildConfiguration; buildSettings = { ALWAYS_SEARCH_USER_PATHS = NO; CLANG_ENABLE_MODULES = YES; CODE_SIGNING_ALLOWED = NO; INFOPLIST_FILE = ../Resources/Info.plist; MACOSX_DEPLOYMENT_TARGET = 14.2; PRODUCT_BUNDLE_IDENTIFIER = com.anluong.meeting; PRODUCT_NAME = AnLuongMeeting; SDKROOT = macosx; SWIFT_OPTIMIZATION_LEVEL = "-Onone"; SWIFT_VERSION = 5.9; }; name = Debug; };
		C00000000000000000000002 /* AnLuongMeeting Release */ = {isa = XCBuildConfiguration; buildSettings = { ALWAYS_SEARCH_USER_PATHS = NO; CLANG_ENABLE_MODULES = YES; CODE_SIGNING_ALLOWED = NO; INFOPLIST_FILE = ../Resources/Info.plist; MACOSX_DEPLOYMENT_TARGET = 14.2; PRODUCT_BUNDLE_IDENTIFIER = com.anluong.meeting; PRODUCT_NAME = AnLuongMeeting; SDKROOT = macosx; SWIFT_VERSION = 5.9; }; name = Release; };
		C00000000000000000000010 /* Project Debug */ = {isa = XCBuildConfiguration; buildSettings = { ALWAYS_SEARCH_USER_PATHS = NO; CLANG_ENABLE_MODULES = YES; SWIFT_VERSION = 5.9; }; name = Debug; };
		C00000000000000000000020 /* Project Release */ = {isa = XCBuildConfiguration; buildSettings = { ALWAYS_SEARCH_USER_PATHS = NO; CLANG_ENABLE_MODULES = YES; SWIFT_VERSION = 5.9; }; name = Release; };
/* End XCBuildConfiguration section */

/* Begin XCConfigurationList section */
		L00000000000000000000001 /* Build configuration list for PBXNativeTarget */ = {isa = XCConfigurationList; buildConfigurations = (C00000000000000000000001, C00000000000000000000002,); defaultConfigurationIsVisible = 0; defaultConfigurationName = Release; };
		L00000000000000000000010 /* Build configuration list for PBXProject */ = {isa = XCConfigurationList; buildConfigurations = (C00000000000000000000010, C00000000000000000000020,); defaultConfigurationIsVisible = 0; defaultConfigurationName = Release; };
/* End XCConfigurationList section */
	};
	rootObject = PR00000000000000000000001 /* Project object */;
}
