// !$*UTF8*$!
{
	archiveVersion = 1;
	classes = {
	};
	objectVersion = 56;
	objects = {

/* Begin PBXBuildFile section */
		642E72DC16EA8DF8BBC6E186 /* NoteEditAgent.swift in Sources */ = {isa = PBXBuildFile; fileRef = 7ABD9B910506FC601C475216 /* NoteEditAgent.swift */; };
		666351BAFA474AEAF38B13C7 /* LLMTraceStore.swift in Sources */ = {isa = PBXBuildFile; fileRef = E3066C88010FC78F14737EC9 /* LLMTraceStore.swift */; };
		76672B94198DF8067DF3AEAB /* TermHighlighting.swift in Sources */ = {isa = PBXBuildFile; fileRef = 32289E7CE56C7E6FEA707749 /* TermHighlighting.swift */; };
		A6B6243242CE1B7C3383F742 /* NoteDetailPreferences.swift in Sources */ = {isa = PBXBuildFile; fileRef = 28D2A367EF722885B5F50AAA /* NoteDetailPreferences.swift */; };
		B00000000000000000000001 /* AppKit.framework in Frameworks */ = {isa = PBXBuildFile; fileRef = F00000000000000000000001 /* AppKit.framework */; };
		B00000000000000000000002 /* SwiftUI.framework in Frameworks */ = {isa = PBXBuildFile; fileRef = F00000000000000000000002 /* SwiftUI.framework */; };
		B00000000000000000000003 /* AVFoundation.framework in Frameworks */ = {isa = PBXBuildFile; fileRef = F00000000000000000000003 /* AVFoundation.framework */; };
		B00000000000000000000004 /* CoreAudio.framework in Frameworks */ = {isa = PBXBuildFile; fileRef = F00000000000000000000004 /* CoreAudio.framework */; };
		B00000000000000000000005 /* AudioToolbox.framework in Frameworks */ = {isa = PBXBuildFile; fileRef = F00000000000000000000005 /* AudioToolbox.framework */; };
		B00000000000000000000006 /* CoreMedia.framework in Frameworks */ = {isa = PBXBuildFile; fileRef = F00000000000000000000006 /* CoreMedia.framework */; };
		B00000000000000000000007 /* ScreenCaptureKit.framework in Frameworks */ = {isa = PBXBuildFile; fileRef = F00000000000000000000007 /* ScreenCaptureKit.framework */; };
		B00000000000000000000008 /* Carbon.framework in Frameworks */ = {isa = PBXBuildFile; fileRef = F00000000000000000000008 /* Carbon.framework */; };
		B00000000000000000000009 /* Security.framework in Frameworks */ = {isa = PBXBuildFile; fileRef = F00000000000000000000009 /* Security.framework */; };
		B00000000000000000000010 /* AppIcon.icns in Resources */ = {isa = PBXBuildFile; fileRef = F00000000000000000000010 /* AppIcon.icns */; };
		B00000000000000000000020 /* AnLuongMeetingApp.swift in Sources */ = {isa = PBXBuildFile; fileRef = F00000000000000000000020 /* AnLuongMeetingApp.swift */; };
		B00000000000000000000021 /* AnLuongVisualStyle.swift in Sources */ = {isa = PBXBuildFile; fileRef = F00000000000000000000021 /* AnLuongVisualStyle.swift */; };
		B00000000000000000000022 /* AudioLevel.swift in Sources */ = {isa = PBXBuildFile; fileRef = F00000000000000000000022 /* AudioLevel.swift */; };
		B00000000000000000000023 /* GeminiAPIKeyStore.swift in Sources */ = {isa = PBXBuildFile; fileRef = F00000000000000000000023 /* GeminiAPIKeyStore.swift */; };
		B00000000000000000000024 /* GeminiTranscriptionService.swift in Sources */ = {isa = PBXBuildFile; fileRef = F00000000000000000000024 /* GeminiTranscriptionService.swift */; };
		B00000000000000000000025 /* HotKeyManager.swift in Sources */ = {isa = PBXBuildFile; fileRef = F00000000000000000000025 /* HotKeyManager.swift */; };
		B00000000000000000000026 /* LibraryView.swift in Sources */ = {isa = PBXBuildFile; fileRef = F00000000000000000000026 /* LibraryView.swift */; };
		B00000000000000000000027 /* Log.swift in Sources */ = {isa = PBXBuildFile; fileRef = F00000000000000000000027 /* Log.swift */; };
		B00000000000000000000028 /* MeetingDetailView.swift in Sources */ = {isa = PBXBuildFile; fileRef = F00000000000000000000028 /* MeetingDetailView.swift */; };
		B00000000000000000000029 /* MeetingLibraryModel.swift in Sources */ = {isa = PBXBuildFile; fileRef = F00000000000000000000029 /* MeetingLibraryModel.swift */; };
		B0000000000000000000002A /* MenuBarView.swift in Sources */ = {isa = PBXBuildFile; fileRef = F0000000000000000000002A /* MenuBarView.swift */; };
		B0000000000000000000002B /* MicrophoneCapture.swift in Sources */ = {isa = PBXBuildFile; fileRef = F0000000000000000000002B /* MicrophoneCapture.swift */; };
		B0000000000000000000002C /* RecordingEngine.swift in Sources */ = {isa = PBXBuildFile; fileRef = F0000000000000000000002C /* RecordingEngine.swift */; };
		B0000000000000000000002D /* RecordingLibrary.swift in Sources */ = {isa = PBXBuildFile; fileRef = F0000000000000000000002D /* RecordingLibrary.swift */; };
		B0000000000000000000002E /* ScreenRecordingPermission.swift in Sources */ = {isa = PBXBuildFile; fileRef = F0000000000000000000002E /* ScreenRecordingPermission.swift */; };
		B0000000000000000000002F /* StereoWriter.swift in Sources */ = {isa = PBXBuildFile; fileRef = F0000000000000000000002F /* StereoWriter.swift */; };
		B00000000000000000000030 /* SystemAudioCapture.swift in Sources */ = {isa = PBXBuildFile; fileRef = F00000000000000000000030 /* SystemAudioCapture.swift */; };
		B00000000000000000000031 /* VoiceProcessingMicCapture.swift in Sources */ = {isa = PBXBuildFile; fileRef = F00000000000000000000031 /* VoiceProcessingMicCapture.swift */; };
		B00000000000000000000032 /* MemoryStore.swift in Sources */ = {isa = PBXBuildFile; fileRef = F00000000000000000000032 /* MemoryStore.swift */; };
		B00000000000000000000033 /* GlossaryView.swift in Sources */ = {isa = PBXBuildFile; fileRef = F00000000000000000000033 /* GlossaryView.swift */; };
		B00000000000000000000034 /* NoteCorrectionStore.swift in Sources */ = {isa = PBXBuildFile; fileRef = F00000000000000000000034 /* NoteCorrectionStore.swift */; };
		D4F04F3B6133B5B620D3ECF2 /* NoteAIEditView.swift in Sources */ = {isa = PBXBuildFile; fileRef = F56169CE078C00B3F4CCB1EF /* NoteAIEditView.swift */; };
		E0C332B72160653380AE6542 /* NoteDetailSettingsView.swift in Sources */ = {isa = PBXBuildFile; fileRef = F04526BD45054AFDDAFB19CE /* NoteDetailSettingsView.swift */; };
		E74D2F597B6B5B902B95722B /* NoteResearchTree.swift in Sources */ = {isa = PBXBuildFile; fileRef = F99CC4A0CA77774C3F10DDAC /* NoteResearchTree.swift */; };
/* End PBXBuildFile section */

/* Begin PBXFileReference section */
		28D2A367EF722885B5F50AAA /* NoteDetailPreferences.swift */ = {isa = PBXFileReference; includeInIndex = 1; lastKnownFileType = sourcecode.swift; path = NoteDetailPreferences.swift; sourceTree = "<group>"; };
		32289E7CE56C7E6FEA707749 /* TermHighlighting.swift */ = {isa = PBXFileReference; includeInIndex = 1; lastKnownFileType = sourcecode.swift; path = TermHighlighting.swift; sourceTree = "<group>"; };
		7ABD9B910506FC601C475216 /* NoteEditAgent.swift */ = {isa = PBXFileReference; includeInIndex = 1; lastKnownFileType = sourcecode.swift; path = NoteEditAgent.swift; sourceTree = "<group>"; };
		E3066C88010FC78F14737EC9 /* LLMTraceStore.swift */ = {isa = PBXFileReference; includeInIndex = 1; lastKnownFileType = sourcecode.swift; path = LLMTraceStore.swift; sourceTree = "<group>"; };
		F00000000000000000000001 /* AppKit.framework */ = {isa = PBXFileReference; lastKnownFileType = wrapper.framework; name = AppKit.framework; path = System/Library/Frameworks/AppKit.framework; sourceTree = SDKROOT; };
		F00000000000000000000002 /* SwiftUI.framework */ = {isa = PBXFileReference; lastKnownFileType = wrapper.framework; name = SwiftUI.framework; path = System/Library/Frameworks/SwiftUI.framework; sourceTree = SDKROOT; };
		F00000000000000000000003 /* AVFoundation.framework */ = {isa = PBXFileReference; lastKnownFileType = wrapper.framework; name = AVFoundation.framework; path = System/Library/Frameworks/AVFoundation.framework; sourceTree = SDKROOT; };
		F00000000000000000000004 /* CoreAudio.framework */ = {isa = PBXFileReference; lastKnownFileType = wrapper.framework; name = CoreAudio.framework; path = System/Library/Frameworks/CoreAudio.framework; sourceTree = SDKROOT; };
		F00000000000000000000005 /* AudioToolbox.framework */ = {isa = PBXFileReference; lastKnownFileType = wrapper.framework; name = AudioToolbox.framework; path = System/Library/Frameworks/AudioToolbox.framework; sourceTree = SDKROOT; };
		F00000000000000000000006 /* CoreMedia.framework */ = {isa = PBXFileReference; lastKnownFileType = wrapper.framework; name = CoreMedia.framework; path = System/Library/Frameworks/CoreMedia.framework; sourceTree = SDKROOT; };
		F00000000000000000000007 /* ScreenCaptureKit.framework */ = {isa = PBXFileReference; lastKnownFileType = wrapper.framework; name = ScreenCaptureKit.framework; path = System/Library/Frameworks/ScreenCaptureKit.framework; sourceTree = SDKROOT; };
		F00000000000000000000008 /* Carbon.framework */ = {isa = PBXFileReference; lastKnownFileType = wrapper.framework; name = Carbon.framework; path = System/Library/Frameworks/Carbon.framework; sourceTree = SDKROOT; };
		F00000000000000000000009 /* Security.framework */ = {isa = PBXFileReference; lastKnownFileType = wrapper.framework; name = Security.framework; path = System/Library/Frameworks/Security.framework; sourceTree = SDKROOT; };
		F00000000000000000000010 /* AppIcon.icns */ = {isa = PBXFileReference; lastKnownFileType = image.icns; path = AppIcon.icns; sourceTree = "<group>"; };
		F00000000000000000000011 /* AnLuongMeeting.app */ = {isa = PBXFileReference; explicitFileType = wrapper.application; includeInIndex = 0; path = AnLuongMeeting.app; sourceTree = BUILT_PRODUCTS_DIR; };
		F00000000000000000000020 /* AnLuongMeetingApp.swift */ = {isa = PBXFileReference; lastKnownFileType = sourcecode.swift; path = AnLuongMeetingApp.swift; sourceTree = "<group>"; };
		F00000000000000000000021 /* AnLuongVisualStyle.swift */ = {isa = PBXFileReference; lastKnownFileType = sourcecode.swift; path = AnLuongVisualStyle.swift; sourceTree = "<group>"; };
		F00000000000000000000022 /* AudioLevel.swift */ = {isa = PBXFileReference; lastKnownFileType = sourcecode.swift; path = AudioLevel.swift; sourceTree = "<group>"; };
		F00000000000000000000023 /* GeminiAPIKeyStore.swift */ = {isa = PBXFileReference; lastKnownFileType = sourcecode.swift; path = GeminiAPIKeyStore.swift; sourceTree = "<group>"; };
		F00000000000000000000024 /* GeminiTranscriptionService.swift */ = {isa = PBXFileReference; lastKnownFileType = sourcecode.swift; path = GeminiTranscriptionService.swift; sourceTree = "<group>"; };
		F00000000000000000000025 /* HotKeyManager.swift */ = {isa = PBXFileReference; lastKnownFileType = sourcecode.swift; path = HotKeyManager.swift; sourceTree = "<group>"; };
		F00000000000000000000026 /* LibraryView.swift */ = {isa = PBXFileReference; lastKnownFileType = sourcecode.swift; path = LibraryView.swift; sourceTree = "<group>"; };
		F00000000000000000000027 /* Log.swift */ = {isa = PBXFileReference; lastKnownFileType = sourcecode.swift; path = Log.swift; sourceTree = "<group>"; };
		F00000000000000000000028 /* MeetingDetailView.swift */ = {isa = PBXFileReference; lastKnownFileType = sourcecode.swift; path = MeetingDetailView.swift; sourceTree = "<group>"; };
		F00000000000000000000029 /* MeetingLibraryModel.swift */ = {isa = PBXFileReference; lastKnownFileType = sourcecode.swift; path = MeetingLibraryModel.swift; sourceTree = "<group>"; };
		F0000000000000000000002A /* MenuBarView.swift */ = {isa = PBXFileReference; lastKnownFileType = sourcecode.swift; path = MenuBarView.swift; sourceTree = "<group>"; };
		F0000000000000000000002B /* MicrophoneCapture.swift */ = {isa = PBXFileReference; lastKnownFileType = sourcecode.swift; path = MicrophoneCapture.swift; sourceTree = "<group>"; };
		F0000000000000000000002C /* RecordingEngine.swift */ = {isa = PBXFileReference; lastKnownFileType = sourcecode.swift; path = RecordingEngine.swift; sourceTree = "<group>"; };
		F0000000000000000000002D /* RecordingLibrary.swift */ = {isa = PBXFileReference; lastKnownFileType = sourcecode.swift; path = RecordingLibrary.swift; sourceTree = "<group>"; };
		F0000000000000000000002E /* ScreenRecordingPermission.swift */ = {isa = PBXFileReference; lastKnownFileType = sourcecode.swift; path = ScreenRecordingPermission.swift; sourceTree = "<group>"; };
		F0000000000000000000002F /* StereoWriter.swift */ = {isa = PBXFileReference; lastKnownFileType = sourcecode.swift; path = StereoWriter.swift; sourceTree = "<group>"; };
		F00000000000000000000030 /* SystemAudioCapture.swift */ = {isa = PBXFileReference; lastKnownFileType = sourcecode.swift; path = SystemAudioCapture.swift; sourceTree = "<group>"; };
		F00000000000000000000031 /* VoiceProcessingMicCapture.swift */ = {isa = PBXFileReference; lastKnownFileType = sourcecode.swift; path = VoiceProcessingMicCapture.swift; sourceTree = "<group>"; };
		F00000000000000000000032 /* MemoryStore.swift */ = {isa = PBXFileReference; lastKnownFileType = sourcecode.swift; path = MemoryStore.swift; sourceTree = "<group>"; };
		F00000000000000000000033 /* GlossaryView.swift */ = {isa = PBXFileReference; lastKnownFileType = sourcecode.swift; path = GlossaryView.swift; sourceTree = "<group>"; };
		F00000000000000000000034 /* NoteCorrectionStore.swift */ = {isa = PBXFileReference; lastKnownFileType = sourcecode.swift; path = NoteCorrectionStore.swift; sourceTree = "<group>"; };
		F04526BD45054AFDDAFB19CE /* NoteDetailSettingsView.swift */ = {isa = PBXFileReference; includeInIndex = 1; lastKnownFileType = sourcecode.swift; path = NoteDetailSettingsView.swift; sourceTree = "<group>"; };
		F56169CE078C00B3F4CCB1EF /* NoteAIEditView.swift */ = {isa = PBXFileReference; includeInIndex = 1; lastKnownFileType = sourcecode.swift; path = NoteAIEditView.swift; sourceTree = "<group>"; };
		F99CC4A0CA77774C3F10DDAC /* NoteResearchTree.swift */ = {isa = PBXFileReference; includeInIndex = 1; lastKnownFileType = sourcecode.swift; path = NoteResearchTree.swift; sourceTree = "<group>"; };
/* End PBXFileReference section */

/* Begin PBXFrameworksBuildPhase section */
		P00000000000000000000001 /* Frameworks */ = {
			isa = PBXFrameworksBuildPhase;
			buildActionMask = 2147483647;
			files = (
				B00000000000000000000001 /* AppKit.framework in Frameworks */,
				B00000000000000000000002 /* SwiftUI.framework in Frameworks */,
				B00000000000000000000003 /* AVFoundation.framework in Frameworks */,
				B00000000000000000000004 /* CoreAudio.framework in Frameworks */,
				B00000000000000000000005 /* AudioToolbox.framework in Frameworks */,
				B00000000000000000000006 /* CoreMedia.framework in Frameworks */,
				B00000000000000000000007 /* ScreenCaptureKit.framework in Frameworks */,
				B00000000000000000000008 /* Carbon.framework in Frameworks */,
				B00000000000000000000009 /* Security.framework in Frameworks */,
			);
			runOnlyForDeploymentPostprocessing = 0;
		};
/* End PBXFrameworksBuildPhase section */

/* Begin PBXGroup section */
		G00000000000000000000001 = {
			isa = PBXGroup;
			children = (
				G00000000000000000000002 /* AnLuongMeeting */,
				G00000000000000000000003 /* Resources */,
				G00000000000000000000004 /* Products */,
				G00000000000000000000005 /* Frameworks */,
			);
			sourceTree = "<group>";
		};
		G00000000000000000000002 /* AnLuongMeeting */ = {
			isa = PBXGroup;
			children = (
				F00000000000000000000020 /* AnLuongMeetingApp.swift */,
				F00000000000000000000021 /* AnLuongVisualStyle.swift */,
				F00000000000000000000022 /* AudioLevel.swift */,
				F00000000000000000000023 /* GeminiAPIKeyStore.swift */,
				F00000000000000000000024 /* GeminiTranscriptionService.swift */,
				F00000000000000000000025 /* HotKeyManager.swift */,
				F00000000000000000000026 /* LibraryView.swift */,
				F00000000000000000000027 /* Log.swift */,
				F00000000000000000000028 /* MeetingDetailView.swift */,
				F00000000000000000000029 /* MeetingLibraryModel.swift */,
				F0000000000000000000002A /* MenuBarView.swift */,
				F0000000000000000000002B /* MicrophoneCapture.swift */,
				F0000000000000000000002C /* RecordingEngine.swift */,
				F0000000000000000000002D /* RecordingLibrary.swift */,
				F0000000000000000000002E /* ScreenRecordingPermission.swift */,
				F0000000000000000000002F /* StereoWriter.swift */,
				F00000000000000000000030 /* SystemAudioCapture.swift */,
				F00000000000000000000031 /* VoiceProcessingMicCapture.swift */,
				F00000000000000000000032 /* MemoryStore.swift */,
				F00000000000000000000033 /* GlossaryView.swift */,
				F00000000000000000000034 /* NoteCorrectionStore.swift */,
				E3066C88010FC78F14737EC9 /* LLMTraceStore.swift */,
				28D2A367EF722885B5F50AAA /* NoteDetailPreferences.swift */,
				F04526BD45054AFDDAFB19CE /* NoteDetailSettingsView.swift */,
				F99CC4A0CA77774C3F10DDAC /* NoteResearchTree.swift */,
				32289E7CE56C7E6FEA707749 /* TermHighlighting.swift */,
				F56169CE078C00B3F4CCB1EF /* NoteAIEditView.swift */,
				7ABD9B910506FC601C475216 /* NoteEditAgent.swift */,
			);
			path = ../Sources/AnLuongMeeting;
			sourceTree = "<group>";
		};
		G00000000000000000000003 /* Resources */ = {
			isa = PBXGroup;
			children = (
				F00000000000000000000010 /* AppIcon.icns */,
			);
			path = ../Resources;
			sourceTree = "<group>";
		};
		G00000000000000000000004 /* Products */ = {
			isa = PBXGroup;
			children = (
				F00000000000000000000011 /* AnLuongMeeting.app */,
			);
			name = Products;
			sourceTree = "<group>";
		};
		G00000000000000000000005 /* Frameworks */ = {
			isa = PBXGroup;
			children = (
				F00000000000000000000001 /* AppKit.framework */,
				F00000000000000000000002 /* SwiftUI.framework */,
				F00000000000000000000003 /* AVFoundation.framework */,
				F00000000000000000000004 /* CoreAudio.framework */,
				F00000000000000000000005 /* AudioToolbox.framework */,
				F00000000000000000000006 /* CoreMedia.framework */,
				F00000000000000000000007 /* ScreenCaptureKit.framework */,
				F00000000000000000000008 /* Carbon.framework */,
				F00000000000000000000009 /* Security.framework */,
			);
			name = Frameworks;
			sourceTree = "<group>";
		};
/* End PBXGroup section */

/* Begin PBXNativeTarget section */
		T00000000000000000000001 /* AnLuongMeeting */ = {
			isa = PBXNativeTarget;
			buildConfigurationList = L00000000000000000000001 /* Build configuration list for PBXNativeTarget "AnLuongMeeting" */;
			buildPhases = (
				S00000000000000000000001 /* Sources */,
				P00000000000000000000001 /* Frameworks */,
				R00000000000000000000001 /* Resources */,
			);
			buildRules = (
			);
			dependencies = (
			);
			name = AnLuongMeeting;
			productName = AnLuongMeeting;
			productReference = F00000000000000000000011 /* AnLuongMeeting.app */;
			productType = "com.apple.product-type.application";
		};
/* End PBXNativeTarget section */

/* Begin PBXProject section */
		PR00000000000000000000001 /* Project object */ = {
			isa = PBXProject;
			attributes = {
				LastUpgradeCheck = 1600;
				ORGANIZATIONNAME = AnLuongMeeting;
				TargetAttributes = {
					T00000000000000000000001 = {
						CreatedOnToolsVersion = 16.0;
					};
				};
			};
			buildConfigurationList = L00000000000000000000010 /* Build configuration list for PBXProject "AnLuongMeeting" */;
			compatibilityVersion = "Xcode 15.0";
			developmentRegion = en;
			hasScannedForEncodings = 0;
			knownRegions = (
				en,
				Base,
			);
			mainGroup = G00000000000000000000001;
			productRefGroup = G00000000000000000000004 /* Products */;
			projectDirPath = "";
			projectRoot = "";
			targets = (
				T00000000000000000000001 /* AnLuongMeeting */,
			);
		};
/* End PBXProject section */

/* Begin PBXResourcesBuildPhase section */
		R00000000000000000000001 /* Resources */ = {
			isa = PBXResourcesBuildPhase;
			buildActionMask = 2147483647;
			files = (
				B00000000000000000000010 /* AppIcon.icns in Resources */,
			);
			runOnlyForDeploymentPostprocessing = 0;
		};
/* End PBXResourcesBuildPhase section */

/* Begin PBXSourcesBuildPhase section */
		S00000000000000000000001 /* Sources */ = {
			isa = PBXSourcesBuildPhase;
			buildActionMask = 2147483647;
			files = (
				B00000000000000000000020 /* AnLuongMeetingApp.swift in Sources */,
				B00000000000000000000021 /* AnLuongVisualStyle.swift in Sources */,
				B00000000000000000000022 /* AudioLevel.swift in Sources */,
				B00000000000000000000023 /* GeminiAPIKeyStore.swift in Sources */,
				B00000000000000000000024 /* GeminiTranscriptionService.swift in Sources */,
				B00000000000000000000025 /* HotKeyManager.swift in Sources */,
				B00000000000000000000026 /* LibraryView.swift in Sources */,
				B00000000000000000000027 /* Log.swift in Sources */,
				B00000000000000000000028 /* MeetingDetailView.swift in Sources */,
				B00000000000000000000029 /* MeetingLibraryModel.swift in Sources */,
				B0000000000000000000002A /* MenuBarView.swift in Sources */,
				B0000000000000000000002B /* MicrophoneCapture.swift in Sources */,
				B0000000000000000000002C /* RecordingEngine.swift in Sources */,
				B0000000000000000000002D /* RecordingLibrary.swift in Sources */,
				B0000000000000000000002E /* ScreenRecordingPermission.swift in Sources */,
				B0000000000000000000002F /* StereoWriter.swift in Sources */,
				B00000000000000000000030 /* SystemAudioCapture.swift in Sources */,
				B00000000000000000000031 /* VoiceProcessingMicCapture.swift in Sources */,
				B00000000000000000000032 /* MemoryStore.swift in Sources */,
				B00000000000000000000033 /* GlossaryView.swift in Sources */,
				B00000000000000000000034 /* NoteCorrectionStore.swift in Sources */,
				666351BAFA474AEAF38B13C7 /* LLMTraceStore.swift in Sources */,
				A6B6243242CE1B7C3383F742 /* NoteDetailPreferences.swift in Sources */,
				E0C332B72160653380AE6542 /* NoteDetailSettingsView.swift in Sources */,
				E74D2F597B6B5B902B95722B /* NoteResearchTree.swift in Sources */,
				76672B94198DF8067DF3AEAB /* TermHighlighting.swift in Sources */,
				D4F04F3B6133B5B620D3ECF2 /* NoteAIEditView.swift in Sources */,
				642E72DC16EA8DF8BBC6E186 /* NoteEditAgent.swift in Sources */,
			);
			runOnlyForDeploymentPostprocessing = 0;
		};
/* End PBXSourcesBuildPhase section */

/* Begin XCBuildConfiguration section */
		C00000000000000000000001 /* Debug */ = {
			isa = XCBuildConfiguration;
			buildSettings = {
				ALWAYS_SEARCH_USER_PATHS = NO;
				CLANG_ENABLE_MODULES = YES;
				CODE_SIGNING_ALLOWED = NO;
				INFOPLIST_FILE = ../Resources/Info.plist;
				MACOSX_DEPLOYMENT_TARGET = 14.2;
				PRODUCT_BUNDLE_IDENTIFIER = com.anluong.meeting;
				PRODUCT_NAME = AnLuongMeeting;
				SDKROOT = macosx;
				SWIFT_OPTIMIZATION_LEVEL = "-Onone";
				SWIFT_VERSION = 5.9;
			};
			name = Debug;
		};
		C00000000000000000000002 /* Release */ = {
			isa = XCBuildConfiguration;
			buildSettings = {
				ALWAYS_SEARCH_USER_PATHS = NO;
				CLANG_ENABLE_MODULES = YES;
				CODE_SIGNING_ALLOWED = NO;
				INFOPLIST_FILE = ../Resources/Info.plist;
				MACOSX_DEPLOYMENT_TARGET = 14.2;
				PRODUCT_BUNDLE_IDENTIFIER = com.anluong.meeting;
				PRODUCT_NAME = AnLuongMeeting;
				SDKROOT = macosx;
				SWIFT_VERSION = 5.9;
			};
			name = Release;
		};
		C00000000000000000000010 /* Debug */ = {
			isa = XCBuildConfiguration;
			buildSettings = {
				ALWAYS_SEARCH_USER_PATHS = NO;
				CLANG_ENABLE_MODULES = YES;
				SWIFT_VERSION = 5.9;
			};
			name = Debug;
		};
		C00000000000000000000020 /* Release */ = {
			isa = XCBuildConfiguration;
			buildSettings = {
				ALWAYS_SEARCH_USER_PATHS = NO;
				CLANG_ENABLE_MODULES = YES;
				SWIFT_VERSION = 5.9;
			};
			name = Release;
		};
/* End XCBuildConfiguration section */

/* Begin XCConfigurationList section */
		L00000000000000000000001 /* Build configuration list for PBXNativeTarget "AnLuongMeeting" */ = {
			isa = XCConfigurationList;
			buildConfigurations = (
				C00000000000000000000001 /* Debug */,
				C00000000000000000000002 /* Release */,
			);
			defaultConfigurationIsVisible = 0;
			defaultConfigurationName = Release;
		};
		L00000000000000000000010 /* Build configuration list for PBXProject "AnLuongMeeting" */ = {
			isa = XCConfigurationList;
			buildConfigurations = (
				C00000000000000000000010 /* Debug */,
				C00000000000000000000020 /* Release */,
			);
			defaultConfigurationIsVisible = 0;
			defaultConfigurationName = Release;
		};
/* End XCConfigurationList section */
	};
	rootObject = PR00000000000000000000001 /* Project object */;
}
